
Microsoft Visual Studio Solution File, Format Version 12.00
# Visual Studio Version 16
VisualStudioVersion = 16.0.29215.179
MinimumVisualStudioVersion = 10.0.40219.1
Project("{9A19103F-16F7-4668-BE54-9A1E7A4F7556}") = "Formulas.API", "src\Formulas.API\Formulas.API.csproj", "{BB674855-ED3A-4750-AF1F-8693B83425D6}"
EndProject
Project("{9A19103F-16F7-4668-BE54-9A1E7A4F7556}") = "Formulas.Core", "src\Formulas.Core\Formulas.Core.csproj", "{7F453178-F4BC-47D3-932B-1903FBAA84D1}"
EndProject
Project("{FAE04EC0-301F-11D3-BF4B-00C04F79EFBC}") = "Tests", "Tests\Tests.csproj", "{B7243A89-9225-4FB5-AFD4-7079CF2158FF}"
EndProject
Global
	GlobalSection(SolutionConfigurationPlatforms) = preSolution
		Debug|Any CPU = Debug|Any CPU
		Release|Any CPU = Release|Any CPU
	EndGlobalSection
	GlobalSection(ProjectConfigurationPlatforms) = postSolution
		{BB674855-ED3A-4750-AF1F-8693B83425D6}.Debug|Any CPU.ActiveCfg = Debug|Any CPU
		{BB674855-ED3A-4750-AF1F-8693B83425D6}.Debug|Any CPU.Build.0 = Debug|Any CPU
		{BB674855-ED3A-4750-AF1F-8693B83425D6}.Release|Any CPU.ActiveCfg = Release|Any CPU
		{BB674855-ED3A-4750-AF1F-8693B83425D6}.Release|Any CPU.Build.0 = Release|Any CPU
		{7F453178-F4BC-47D3-932B-1903FBAA84D1}.Debug|Any CPU.ActiveCfg = Debug|Any CPU
		{7F453178-F4BC-47D3-932B-1903FBAA84D1}.Debug|Any CPU.Build.0 = Debug|Any CPU
		{7F453178-F4BC-47D3-932B-1903FBAA84D1}.Release|Any CPU.ActiveCfg = Release|Any CPU
		{7F453178-F4BC-47D3-932B-1903FBAA84D1}.Release|Any CPU.Build.0 = Release|Any CPU
		{B7243A89-9225-4FB5-AFD4-7079CF2158FF}.Debug|Any CPU.ActiveCfg = Debug|Any CPU
		{B7243A89-9225-4FB5-AFD4-7079CF2158FF}.Debug|Any CPU.Build.0 = Debug|Any CPU
		{B7243A89-9225-4FB5-AFD4-7079CF2158FF}.Release|Any CPU.ActiveCfg = Release|Any CPU
		{B7243A89-9225-4FB5-AFD4-7079CF2158FF}.Release|Any CPU.Build.0 = Release|Any CPU
	EndGlobalSection
	GlobalSection(SolutionProperties) = preSolution
		HideSolutionNode = FALSE
	EndGlobalSection
	GlobalSection(ExtensibilityGlobals) = postSolution
		SolutionGuid = {684FC7AE-538E-47B9-88BE-89FA07A3CC43}
	EndGlobalSection
EndGlobal
