
Microsoft Visual Studio Solution File, Format Version 12.00
# Visual Studio 15
VisualStudioVersion = 15.0.28307.645
MinimumVisualStudioVersion = 10.0.40219.1
Project("{FAE04EC0-301F-11D3-BF4B-00C04F79EFBC}") = "Formulas.API", "src\Formulas.API\Formulas.API.csproj", "{BB674855-ED3A-4750-AF1F-8693B83425D6}"
EndProject
Project("{FAE04EC0-301F-11D3-BF4B-00C04F79EFBC}") = "Formulas.Core", "src\Formulas.Core\Formulas.Core.csproj", "{7F453178-F4BC-47D3-932B-1903FBAA84D1}"
EndProject
Global
	GlobalSection(SolutionConfigurationPlatforms) = preSolution
		Debug|Any CPU = Debug|Any CPU
		Release|Any CPU = Release|Any CPU
	EndGlobalSection
	GlobalSection(ProjectConfigurationPlatforms) = postSolution
		{BB674855-ED3A-4750-AF1F-8693B83425D6}.Debug|Any CPU.ActiveCfg = Debug|Any CPU
		{BB674855-ED3A-4750-AF1F-8693B83425D6}.Debug|Any CPU.Build.0 = Debug|Any CPU
		{BB674855-ED3A-4750-AF1F-8693B83425D6}.Release|Any CPU.ActiveCfg = Release|Any CPU
		{BB674855-ED3A-4750-AF1F-8693B83425D6}.Release|Any CPU.Build.0 = Release|Any CPU
		{7F453178-F4BC-47D3-932B-1903FBAA84D1}.Debug|Any CPU.ActiveCfg = Debug|Any CPU
		{7F453178-F4BC-47D3-932B-1903FBAA84D1}.Debug|Any CPU.Build.0 = Debug|Any CPU
		{7F453178-F4BC-47D3-932B-1903FBAA84D1}.Release|Any CPU.ActiveCfg = Release|Any CPU
		{7F453178-F4BC-47D3-932B-1903FBAA84D1}.Release|Any CPU.Build.0 = Release|Any CPU
	EndGlobalSection
	GlobalSection(SolutionProperties) = preSolution
		HideSolutionNode = FALSE
	EndGlobalSection
	GlobalSection(ExtensibilityGlobals) = postSolution
		SolutionGuid = {684FC7AE-538E-47B9-88BE-89FA07A3CC43}
	EndGlobalSection
EndGlobal
